
Microsoft Visual Studio Solution File, Format Version 12.00
# Visual Studio Version 16
VisualStudioVersion = 16.0.29009.5
MinimumVisualStudioVersion = 10.0.40219.1
Project("{FAE04EC0-301F-11D3-BF4B-00C04F79EFBC}") = "ATCMediator", "ATCMediator\ATCMediator.csproj", "{D0076DE0-9770-449A-8F16-2BBD24806449}"
EndProject
Global
	GlobalSection(SolutionConfigurationPlatforms) = preSolution
		Debug|Any CPU = Debug|Any CPU
		Release|Any CPU = Release|Any CPU
	EndGlobalSection
	GlobalSection(ProjectConfigurationPlatforms) = postSolution
		{D0076DE0-9770-449A-8F16-2BBD24806449}.Debug|Any CPU.ActiveCfg = Debug|Any CPU
		{D0076DE0-9770-449A-8F16-2BBD24806449}.Debug|Any CPU.Build.0 = Debug|Any CPU
		{D0076DE0-9770-449A-8F16-2BBD24806449}.Release|Any CPU.ActiveCfg = Release|Any CPU
		{D0076DE0-9770-449A-8F16-2BBD24806449}.Release|Any CPU.Build.0 = Release|Any CPU
	EndGlobalSection
	GlobalSection(SolutionProperties) = preSolution
		HideSolutionNode = FALSE
	EndGlobalSection
	GlobalSection(ExtensibilityGlobals) = postSolution
		SolutionGuid = {9BD2740A-043B-4D83-88C7-2860D1516A56}
	EndGlobalSection
EndGlobal
